
Microsoft Visual Studio Solution File, Format Version 12.00
# Visual Studio 15
VisualStudioVersion = 15.0.28307.329
MinimumVisualStudioVersion = 10.0.40219.1
Project("{8BC9CEB8-8B4A-11D0-8D11-00A0C91BC942}") = "PA2", "PA2\PA2.vcxproj", "{F28EABEE-7E43-47EC-A296-55A0D3816339}"
EndProject
Global
	GlobalSection(SolutionConfigurationPlatforms) = preSolution
		Debug|x64 = Debug|x64
		Debug|x86 = Debug|x86
		Release|x64 = Release|x64
		Release|x86 = Release|x86
	EndGlobalSection
	GlobalSection(ProjectConfigurationPlatforms) = postSolution
		{F28EABEE-7E43-47EC-A296-55A0D3816339}.Debug|x64.ActiveCfg = Debug|x64
		{F28EABEE-7E43-47EC-A296-55A0D3816339}.Debug|x64.Build.0 = Debug|x64
		{F28EABEE-7E43-47EC-A296-55A0D3816339}.Debug|x86.ActiveCfg = Debug|Win32
		{F28EABEE-7E43-47EC-A296-55A0D3816339}.Debug|x86.Build.0 = Debug|Win32
		{F28EABEE-7E43-47EC-A296-55A0D3816339}.Release|x64.ActiveCfg = Release|x64
		{F28EABEE-7E43-47EC-A296-55A0D3816339}.Release|x64.Build.0 = Release|x64
		{F28EABEE-7E43-47EC-A296-55A0D3816339}.Release|x86.ActiveCfg = Release|Win32
		{F28EABEE-7E43-47EC-A296-55A0D3816339}.Release|x86.Build.0 = Release|Win32
	EndGlobalSection
	GlobalSection(SolutionProperties) = preSolution
		HideSolutionNode = FALSE
	EndGlobalSection
	GlobalSection(ExtensibilityGlobals) = postSolution
		SolutionGuid = {606D3570-CB17-41BB-BE7F-D9D49A6E80E5}
	EndGlobalSection
EndGlobal
